
Microsoft Visual Studio Solution File, Format Version 12.00
# Visual Studio Version 17
VisualStudioVersion = 17.5.33530.505
MinimumVisualStudioVersion = 10.0.40219.1
Project("{FAE04EC0-301F-11D3-BF4B-00C04F79EFBC}") = "ExifRenamer", "ExifRenamer.csproj", "{8A825E23-91AA-4797-AEDF-706BEECA7500}"
EndProject
Project("{9A19103F-16F7-4668-BE54-9A1E7A4F7556}") = "ExifRenamer.Tests", "Tests\ExifRenamer.Tests.csproj", "{3F2A9B1C-7D4E-4A5B-9C8D-1E2F3A4B5C6D}"
EndProject
Global
	GlobalSection(SolutionConfigurationPlatforms) = preSolution
		Debug|Any CPU = Debug|Any CPU
		Release|Any CPU = Release|Any CPU
	EndGlobalSection
	GlobalSection(ProjectConfigurationPlatforms) = postSolution
		{8A825E23-91AA-4797-AEDF-706BEECA7500}.Debug|Any CPU.ActiveCfg = Debug|Any CPU
		{8A825E23-91AA-4797-AEDF-706BEECA7500}.Debug|Any CPU.Build.0 = Debug|Any CPU
		{8A825E23-91AA-4797-AEDF-706BEECA7500}.Release|Any CPU.ActiveCfg = Release|Any CPU
		{8A825E23-91AA-4797-AEDF-706BEECA7500}.Release|Any CPU.Build.0 = Release|Any CPU
		{3F2A9B1C-7D4E-4A5B-9C8D-1E2F3A4B5C6D}.Debug|Any CPU.ActiveCfg = Debug|Any CPU
		{3F2A9B1C-7D4E-4A5B-9C8D-1E2F3A4B5C6D}.Debug|Any CPU.Build.0 = Debug|Any CPU
		{3F2A9B1C-7D4E-4A5B-9C8D-1E2F3A4B5C6D}.Release|Any CPU.ActiveCfg = Release|Any CPU
		{3F2A9B1C-7D4E-4A5B-9C8D-1E2F3A4B5C6D}.Release|Any CPU.Build.0 = Release|Any CPU
	EndGlobalSection
	GlobalSection(SolutionProperties) = preSolution
		HideSolutionNode = FALSE
	EndGlobalSection
	GlobalSection(ExtensibilityGlobals) = postSolution
		SolutionGuid = {E24CA645-267E-49CE-BF8A-285ACABB331F}
	EndGlobalSection
EndGlobal
